
Microsoft Visual Studio Solution File, Format Version 12.00
# Visual Studio Version 17
VisualStudioVersion = 17.11.35222.181
MinimumVisualStudioVersion = 10.0.40219.1
Project("{9A19103F-16F7-4668-BE54-9A1E7A4F7556}") = "Auth.Api", "Auth.Api\Auth.Api.csproj", "{96F957FC-8E54-4DA8-9E43-DEC812185511}"
EndProject
Project("{2150E333-8FDC-42A3-9474-1A3956D46DE8}") = "Domain", "Domain", "{0CDFC062-F281-4367-AF90-DF54057FB714}"
EndProject
Project("{2150E333-8FDC-42A3-9474-1A3956D46DE8}") = "Core", "Core", "{3A9E83DF-E258-4D99-A777-E84F59798850}"
EndProject
Project("{2150E333-8FDC-42A3-9474-1A3956D46DE8}") = "Interface", "Interface", "{E4A2D5ED-CCF2-46AD-BBBA-E8695B299E31}"
EndProject
Project("{2150E333-8FDC-42A3-9474-1A3956D46DE8}") = "Infrastructure", "Infrastructure", "{7D75D355-5F1C-4F23-A1AE-F2C04AF4D72D}"
EndProject
Project("{2150E333-8FDC-42A3-9474-1A3956D46DE8}") = "Data", "Data", "{8A3BECDC-03E8-4038-86A6-6F89B80A3527}"
EndProject
Project("{2150E333-8FDC-42A3-9474-1A3956D46DE8}") = "Logic", "Logic", "{BEDC927B-06A0-4F44-8D7F-9500E4FDF0DA}"
EndProject
Project("{9A19103F-16F7-4668-BE54-9A1E7A4F7556}") = "Auth.Domain.Core.Common", "Auth.Domain.Core.Common\Auth.Domain.Core.Common.csproj", "{51E39CA2-0F6C-4041-9D5F-6D90CAF58B2C}"
EndProject
Project("{9A19103F-16F7-4668-BE54-9A1E7A4F7556}") = "Auth.Domain.Core.Data", "Auth.Domain.Core.Data\Auth.Domain.Core.Data.csproj", "{086C00B5-ECB5-4ACE-B41B-83A15B6202DA}"
EndProject
Project("{9A19103F-16F7-4668-BE54-9A1E7A4F7556}") = "Auth.Domain.Core.Logic", "Auth.Domain.Core.Logic\Auth.Domain.Core.Logic.csproj", "{C5AEF185-441A-4C21-9B43-47573AA3E859}"
EndProject
Project("{9A19103F-16F7-4668-BE54-9A1E7A4F7556}") = "Auth.Domain.Interface.Data.Read", "Auth.Domain.Interface.Data.Read\Auth.Domain.Interface.Data.Read.csproj", "{953C7F90-3DFE-44C9-B0DA-E381E8F282C1}"
EndProject
Project("{9A19103F-16F7-4668-BE54-9A1E7A4F7556}") = "Auth.Domain.Interface.Data.Write", "Auth.Domain.Interface.Data.Write\Auth.Domain.Interface.Data.Write.csproj", "{E1627F49-E817-40A3-BDF1-5CD117024E2E}"
EndProject
Project("{9A19103F-16F7-4668-BE54-9A1E7A4F7556}") = "Auth.Domain.Interface.Logic.External", "Auth.Domain.Interface.Logic.External\Auth.Domain.Interface.Logic.External.csproj", "{FDA26EA9-B4FC-492C-809D-58BB6284BFBE}"
EndProject
Project("{9A19103F-16F7-4668-BE54-9A1E7A4F7556}") = "Auth.Domain.Interface.Logic.Write", "Auth.Domain.Interface.Logic.Write\Auth.Domain.Interface.Logic.Write.csproj", "{5E33E60D-E877-47F4-AD4C-E9A592072FEA}"
EndProject
Project("{9A19103F-16F7-4668-BE54-9A1E7A4F7556}") = "Auth.Domain.Interface.Logic.Read", "Auth.Domain.Interface.Logic.Read\Auth.Domain.Interface.Logic.Read.csproj", "{4FFFADBF-7AC7-49A3-8BDB-783845F135A4}"
EndProject
Project("{FAE04EC0-301F-11D3-BF4B-00C04F79EFBC}") = "Auth.Infrastructure.Data", "Auth.Infrastructure.Data\Auth.Infrastructure.Data.csproj", "{35959D66-DA8F-42BB-8BB8-959F237381B0}"
EndProject
Project("{FAE04EC0-301F-11D3-BF4B-00C04F79EFBC}") = "Auth.Infrastructure.Logic.External", "Auth.Infrastructure.Logic.External\Auth.Infrastructure.Logic.External.csproj", "{36D62FFC-DA30-491F-A0D9-169A76D7FFDD}"
EndProject
Project("{FAE04EC0-301F-11D3-BF4B-00C04F79EFBC}") = "Auth.Infrastructure.Logic.Read", "Auth.Infrastructure.Logic.Read\Auth.Infrastructure.Logic.Read.csproj", "{DA3D8CFA-46ED-4232-A493-542B01DB825B}"
EndProject
Project("{FAE04EC0-301F-11D3-BF4B-00C04F79EFBC}") = "Auth.Infrastructure.Logic.Validation", "Auth.Infrastructure.Logic.Validation\Auth.Infrastructure.Logic.Validation.csproj", "{9D476E3F-73D1-45AB-9165-37B7890ED095}"
EndProject
Project("{FAE04EC0-301F-11D3-BF4B-00C04F79EFBC}") = "Auth.Infrastructure.Logic.Write", "Auth.Infrastructure.Logic.Write\Auth.Infrastructure.Logic.Write.csproj", "{5E794507-1E6D-4D48-A366-947BC6C0CBF2}"
EndProject
Project("{2150E333-8FDC-42A3-9474-1A3956D46DE8}") = "Solution Items", "Solution Items", "{67DEDE05-5728-4737-B4AC-58192BB0FC32}"
	ProjectSection(SolutionItems) = preProject
		.editorconfig = .editorconfig
	EndProjectSection
EndProject
Project("{FAE04EC0-301F-11D3-BF4B-00C04F79EFBC}") = "Auth.Infrastructure.Logic.Notification", "Auth.Infrastructure.Logic.Notification\Auth.Infrastructure.Logic.Notification.csproj", "{DCC3B6D4-5BBC-481E-A092-2FF9202C0F4B}"
EndProject
Project("{FAE04EC0-301F-11D3-BF4B-00C04F79EFBC}") = "Auth.Domain.Interface.Logic.Notification", "Auth.Domain.Interface.Logic.Notification\Auth.Domain.Interface.Logic.Notification.csproj", "{4F705B5E-4802-490A-A8FB-62B71780FA9A}"
EndProject
Project("{FAE04EC0-301F-11D3-BF4B-00C04F79EFBC}") = "Auth.Client.ConsoleApp", "Auth.Client.ConsoleApp\Auth.Client.ConsoleApp.csproj", "{33329DA7-DB42-CBB6-91CC-CADB47B14CA9}"
EndProject
Global
	GlobalSection(SolutionConfigurationPlatforms) = preSolution
		Debug|Any CPU = Debug|Any CPU
		Release|Any CPU = Release|Any CPU
	EndGlobalSection
	GlobalSection(ProjectConfigurationPlatforms) = postSolution
		{96F957FC-8E54-4DA8-9E43-DEC812185511}.Debug|Any CPU.ActiveCfg = Debug|Any CPU
		{96F957FC-8E54-4DA8-9E43-DEC812185511}.Debug|Any CPU.Build.0 = Debug|Any CPU
		{96F957FC-8E54-4DA8-9E43-DEC812185511}.Release|Any CPU.ActiveCfg = Release|Any CPU
		{96F957FC-8E54-4DA8-9E43-DEC812185511}.Release|Any CPU.Build.0 = Release|Any CPU
		{51E39CA2-0F6C-4041-9D5F-6D90CAF58B2C}.Debug|Any CPU.ActiveCfg = Debug|Any CPU
		{51E39CA2-0F6C-4041-9D5F-6D90CAF58B2C}.Debug|Any CPU.Build.0 = Debug|Any CPU
		{51E39CA2-0F6C-4041-9D5F-6D90CAF58B2C}.Release|Any CPU.ActiveCfg = Release|Any CPU
		{51E39CA2-0F6C-4041-9D5F-6D90CAF58B2C}.Release|Any CPU.Build.0 = Release|Any CPU
		{086C00B5-ECB5-4ACE-B41B-83A15B6202DA}.Debug|Any CPU.ActiveCfg = Debug|Any CPU
		{086C00B5-ECB5-4ACE-B41B-83A15B6202DA}.Debug|Any CPU.Build.0 = Debug|Any CPU
		{086C00B5-ECB5-4ACE-B41B-83A15B6202DA}.Release|Any CPU.ActiveCfg = Release|Any CPU
		{086C00B5-ECB5-4ACE-B41B-83A15B6202DA}.Release|Any CPU.Build.0 = Release|Any CPU
		{C5AEF185-441A-4C21-9B43-47573AA3E859}.Debug|Any CPU.ActiveCfg = Debug|Any CPU
		{C5AEF185-441A-4C21-9B43-47573AA3E859}.Debug|Any CPU.Build.0 = Debug|Any CPU
		{C5AEF185-441A-4C21-9B43-47573AA3E859}.Release|Any CPU.ActiveCfg = Release|Any CPU
		{C5AEF185-441A-4C21-9B43-47573AA3E859}.Release|Any CPU.Build.0 = Release|Any CPU
		{953C7F90-3DFE-44C9-B0DA-E381E8F282C1}.Debug|Any CPU.ActiveCfg = Debug|Any CPU
		{953C7F90-3DFE-44C9-B0DA-E381E8F282C1}.Debug|Any CPU.Build.0 = Debug|Any CPU
		{953C7F90-3DFE-44C9-B0DA-E381E8F282C1}.Release|Any CPU.ActiveCfg = Release|Any CPU
		{953C7F90-3DFE-44C9-B0DA-E381E8F282C1}.Release|Any CPU.Build.0 = Release|Any CPU
		{E1627F49-E817-40A3-BDF1-5CD117024E2E}.Debug|Any CPU.ActiveCfg = Debug|Any CPU
		{E1627F49-E817-40A3-BDF1-5CD117024E2E}.Debug|Any CPU.Build.0 = Debug|Any CPU
		{E1627F49-E817-40A3-BDF1-5CD117024E2E}.Release|Any CPU.ActiveCfg = Release|Any CPU
		{E1627F49-E817-40A3-BDF1-5CD117024E2E}.Release|Any CPU.Build.0 = Release|Any CPU
		{FDA26EA9-B4FC-492C-809D-58BB6284BFBE}.Debug|Any CPU.ActiveCfg = Debug|Any CPU
		{FDA26EA9-B4FC-492C-809D-58BB6284BFBE}.Debug|Any CPU.Build.0 = Debug|Any CPU
		{FDA26EA9-B4FC-492C-809D-58BB6284BFBE}.Release|Any CPU.ActiveCfg = Release|Any CPU
		{FDA26EA9-B4FC-492C-809D-58BB6284BFBE}.Release|Any CPU.Build.0 = Release|Any CPU
		{5E33E60D-E877-47F4-AD4C-E9A592072FEA}.Debug|Any CPU.ActiveCfg = Debug|Any CPU
		{5E33E60D-E877-47F4-AD4C-E9A592072FEA}.Debug|Any CPU.Build.0 = Debug|Any CPU
		{5E33E60D-E877-47F4-AD4C-E9A592072FEA}.Release|Any CPU.ActiveCfg = Release|Any CPU
		{5E33E60D-E877-47F4-AD4C-E9A592072FEA}.Release|Any CPU.Build.0 = Release|Any CPU
		{4FFFADBF-7AC7-49A3-8BDB-783845F135A4}.Debug|Any CPU.ActiveCfg = Debug|Any CPU
		{4FFFADBF-7AC7-49A3-8BDB-783845F135A4}.Debug|Any CPU.Build.0 = Debug|Any CPU
		{4FFFADBF-7AC7-49A3-8BDB-783845F135A4}.Release|Any CPU.ActiveCfg = Release|Any CPU
		{4FFFADBF-7AC7-49A3-8BDB-783845F135A4}.Release|Any CPU.Build.0 = Release|Any CPU
		{35959D66-DA8F-42BB-8BB8-959F237381B0}.Debug|Any CPU.ActiveCfg = Debug|Any CPU
		{35959D66-DA8F-42BB-8BB8-959F237381B0}.Debug|Any CPU.Build.0 = Debug|Any CPU
		{35959D66-DA8F-42BB-8BB8-959F237381B0}.Release|Any CPU.ActiveCfg = Release|Any CPU
		{35959D66-DA8F-42BB-8BB8-959F237381B0}.Release|Any CPU.Build.0 = Release|Any CPU
		{36D62FFC-DA30-491F-A0D9-169A76D7FFDD}.Debug|Any CPU.ActiveCfg = Debug|Any CPU
		{36D62FFC-DA30-491F-A0D9-169A76D7FFDD}.Debug|Any CPU.Build.0 = Debug|Any CPU
		{36D62FFC-DA30-491F-A0D9-169A76D7FFDD}.Release|Any CPU.ActiveCfg = Release|Any CPU
		{36D62FFC-DA30-491F-A0D9-169A76D7FFDD}.Release|Any CPU.Build.0 = Release|Any CPU
		{DA3D8CFA-46ED-4232-A493-542B01DB825B}.Debug|Any CPU.ActiveCfg = Debug|Any CPU
		{DA3D8CFA-46ED-4232-A493-542B01DB825B}.Debug|Any CPU.Build.0 = Debug|Any CPU
		{DA3D8CFA-46ED-4232-A493-542B01DB825B}.Release|Any CPU.ActiveCfg = Release|Any CPU
		{DA3D8CFA-46ED-4232-A493-542B01DB825B}.Release|Any CPU.Build.0 = Release|Any CPU
		{9D476E3F-73D1-45AB-9165-37B7890ED095}.Debug|Any CPU.ActiveCfg = Debug|Any CPU
		{9D476E3F-73D1-45AB-9165-37B7890ED095}.Debug|Any CPU.Build.0 = Debug|Any CPU
		{9D476E3F-73D1-45AB-9165-37B7890ED095}.Release|Any CPU.ActiveCfg = Release|Any CPU
		{9D476E3F-73D1-45AB-9165-37B7890ED095}.Release|Any CPU.Build.0 = Release|Any CPU
		{5E794507-1E6D-4D48-A366-947BC6C0CBF2}.Debug|Any CPU.ActiveCfg = Debug|Any CPU
		{5E794507-1E6D-4D48-A366-947BC6C0CBF2}.Debug|Any CPU.Build.0 = Debug|Any CPU
		{5E794507-1E6D-4D48-A366-947BC6C0CBF2}.Release|Any CPU.ActiveCfg = Release|Any CPU
		{5E794507-1E6D-4D48-A366-947BC6C0CBF2}.Release|Any CPU.Build.0 = Release|Any CPU
		{DCC3B6D4-5BBC-481E-A092-2FF9202C0F4B}.Debug|Any CPU.ActiveCfg = Debug|Any CPU
		{DCC3B6D4-5BBC-481E-A092-2FF9202C0F4B}.Debug|Any CPU.Build.0 = Debug|Any CPU
		{DCC3B6D4-5BBC-481E-A092-2FF9202C0F4B}.Release|Any CPU.ActiveCfg = Release|Any CPU
		{DCC3B6D4-5BBC-481E-A092-2FF9202C0F4B}.Release|Any CPU.Build.0 = Release|Any CPU
		{4F705B5E-4802-490A-A8FB-62B71780FA9A}.Debug|Any CPU.ActiveCfg = Debug|Any CPU
		{4F705B5E-4802-490A-A8FB-62B71780FA9A}.Debug|Any CPU.Build.0 = Debug|Any CPU
		{4F705B5E-4802-490A-A8FB-62B71780FA9A}.Release|Any CPU.ActiveCfg = Release|Any CPU
		{4F705B5E-4802-490A-A8FB-62B71780FA9A}.Release|Any CPU.Build.0 = Release|Any CPU
		{33329DA7-DB42-CBB6-91CC-CADB47B14CA9}.Debug|Any CPU.ActiveCfg = Debug|Any CPU
		{33329DA7-DB42-CBB6-91CC-CADB47B14CA9}.Debug|Any CPU.Build.0 = Debug|Any CPU
		{33329DA7-DB42-CBB6-91CC-CADB47B14CA9}.Release|Any CPU.ActiveCfg = Release|Any CPU
		{33329DA7-DB42-CBB6-91CC-CADB47B14CA9}.Release|Any CPU.Build.0 = Release|Any CPU
	EndGlobalSection
	GlobalSection(SolutionProperties) = preSolution
		HideSolutionNode = FALSE
	EndGlobalSection
	GlobalSection(NestedProjects) = preSolution
		{3A9E83DF-E258-4D99-A777-E84F59798850} = {0CDFC062-F281-4367-AF90-DF54057FB714}
		{E4A2D5ED-CCF2-46AD-BBBA-E8695B299E31} = {0CDFC062-F281-4367-AF90-DF54057FB714}
		{8A3BECDC-03E8-4038-86A6-6F89B80A3527} = {7D75D355-5F1C-4F23-A1AE-F2C04AF4D72D}
		{BEDC927B-06A0-4F44-8D7F-9500E4FDF0DA} = {7D75D355-5F1C-4F23-A1AE-F2C04AF4D72D}
		{51E39CA2-0F6C-4041-9D5F-6D90CAF58B2C} = {3A9E83DF-E258-4D99-A777-E84F59798850}
		{086C00B5-ECB5-4ACE-B41B-83A15B6202DA} = {3A9E83DF-E258-4D99-A777-E84F59798850}
		{C5AEF185-441A-4C21-9B43-47573AA3E859} = {3A9E83DF-E258-4D99-A777-E84F59798850}
		{953C7F90-3DFE-44C9-B0DA-E381E8F282C1} = {E4A2D5ED-CCF2-46AD-BBBA-E8695B299E31}
		{E1627F49-E817-40A3-BDF1-5CD117024E2E} = {E4A2D5ED-CCF2-46AD-BBBA-E8695B299E31}
		{FDA26EA9-B4FC-492C-809D-58BB6284BFBE} = {E4A2D5ED-CCF2-46AD-BBBA-E8695B299E31}
		{5E33E60D-E877-47F4-AD4C-E9A592072FEA} = {E4A2D5ED-CCF2-46AD-BBBA-E8695B299E31}
		{4FFFADBF-7AC7-49A3-8BDB-783845F135A4} = {E4A2D5ED-CCF2-46AD-BBBA-E8695B299E31}
		{35959D66-DA8F-42BB-8BB8-959F237381B0} = {8A3BECDC-03E8-4038-86A6-6F89B80A3527}
		{36D62FFC-DA30-491F-A0D9-169A76D7FFDD} = {BEDC927B-06A0-4F44-8D7F-9500E4FDF0DA}
		{DA3D8CFA-46ED-4232-A493-542B01DB825B} = {BEDC927B-06A0-4F44-8D7F-9500E4FDF0DA}
		{9D476E3F-73D1-45AB-9165-37B7890ED095} = {BEDC927B-06A0-4F44-8D7F-9500E4FDF0DA}
		{5E794507-1E6D-4D48-A366-947BC6C0CBF2} = {BEDC927B-06A0-4F44-8D7F-9500E4FDF0DA}
		{DCC3B6D4-5BBC-481E-A092-2FF9202C0F4B} = {BEDC927B-06A0-4F44-8D7F-9500E4FDF0DA}
		{4F705B5E-4802-490A-A8FB-62B71780FA9A} = {E4A2D5ED-CCF2-46AD-BBBA-E8695B299E31}
	EndGlobalSection
	GlobalSection(ExtensibilityGlobals) = postSolution
		SolutionGuid = {C2E36D9F-0784-4416-ACD9-6E5ABB033B4D}
	EndGlobalSection
EndGlobal
